
Microsoft Visual Studio Solution File, Format Version 12.00
Project("{FAE04EC0-301F-11D3-BF4B-00C04F79EFBC}") = "Architecture.Bionicpro.API", "Architecture.Bionicpro.API\Architecture.Bionicpro.API.csproj", "{C8EE77DC-FE11-477D-8B00-C258B01F3726}"
EndProject
Global
	GlobalSection(SolutionConfigurationPlatforms) = preSolution
		Debug|Any CPU = Debug|Any CPU
		Release|Any CPU = Release|Any CPU
	EndGlobalSection
	GlobalSection(ProjectConfigurationPlatforms) = postSolution
		{C8EE77DC-FE11-477D-8B00-C258B01F3726}.Debug|Any CPU.ActiveCfg = Debug|Any CPU
		{C8EE77DC-FE11-477D-8B00-C258B01F3726}.Debug|Any CPU.Build.0 = Debug|Any CPU
		{C8EE77DC-FE11-477D-8B00-C258B01F3726}.Release|Any CPU.ActiveCfg = Release|Any CPU
		{C8EE77DC-FE11-477D-8B00-C258B01F3726}.Release|Any CPU.Build.0 = Release|Any CPU
	EndGlobalSection
EndGlobal
